
Microsoft Visual Studio Solution File, Format Version 12.00
# Visual Studio 15
Project("{FAE04EC0-301F-11D3-BF4B-00C04F79EFBC}") = "Assembly-CSharp", "Assembly-CSharp.csproj", "{F33873D5-EC24-434A-A37E-DBA22A603330}"
EndProject
Project("{FAE04EC0-301F-11D3-BF4B-00C04F79EFBC}") = "Assembly-CSharp-firstpass", "Assembly-CSharp-firstpass.csproj", "{9B263DC1-7EAB-7DED-4441-1352FC29EFDF}"
EndProject
Project("{FAE04EC0-301F-11D3-BF4B-00C04F79EFBC}") = "Assembly-CSharp-Editor", "Assembly-CSharp-Editor.csproj", "{85306120-9E77-0941-7F6D-267A06B976CD}"
EndProject
Project("{FAE04EC0-301F-11D3-BF4B-00C04F79EFBC}") = "Assembly-CSharp-Editor-firstpass", "Assembly-CSharp-Editor-firstpass.csproj", "{B0100BB9-7D62-9C20-BDDB-8ED27B57CC58}"
EndProject
Global
	GlobalSection(SolutionConfigurationPlatforms) = preSolution
		Debug|Any CPU = Debug|Any CPU
		Release|Any CPU = Release|Any CPU
	EndGlobalSection
	GlobalSection(ProjectConfigurationPlatforms) = postSolution
		{F33873D5-EC24-434A-A37E-DBA22A603330}.Debug|Any CPU.ActiveCfg = Debug|Any CPU
		{F33873D5-EC24-434A-A37E-DBA22A603330}.Debug|Any CPU.Build.0 = Debug|Any CPU
		{F33873D5-EC24-434A-A37E-DBA22A603330}.Release|Any CPU.ActiveCfg = Release|Any CPU
		{F33873D5-EC24-434A-A37E-DBA22A603330}.Release|Any CPU.Build.0 = Release|Any CPU
		{9B263DC1-7EAB-7DED-4441-1352FC29EFDF}.Debug|Any CPU.ActiveCfg = Debug|Any CPU
		{9B263DC1-7EAB-7DED-4441-1352FC29EFDF}.Debug|Any CPU.Build.0 = Debug|Any CPU
		{9B263DC1-7EAB-7DED-4441-1352FC29EFDF}.Release|Any CPU.ActiveCfg = Release|Any CPU
		{9B263DC1-7EAB-7DED-4441-1352FC29EFDF}.Release|Any CPU.Build.0 = Release|Any CPU
		{85306120-9E77-0941-7F6D-267A06B976CD}.Debug|Any CPU.ActiveCfg = Debug|Any CPU
		{85306120-9E77-0941-7F6D-267A06B976CD}.Debug|Any CPU.Build.0 = Debug|Any CPU
		{85306120-9E77-0941-7F6D-267A06B976CD}.Release|Any CPU.ActiveCfg = Release|Any CPU
		{85306120-9E77-0941-7F6D-267A06B976CD}.Release|Any CPU.Build.0 = Release|Any CPU
		{B0100BB9-7D62-9C20-BDDB-8ED27B57CC58}.Debug|Any CPU.ActiveCfg = Debug|Any CPU
		{B0100BB9-7D62-9C20-BDDB-8ED27B57CC58}.Debug|Any CPU.Build.0 = Debug|Any CPU
		{B0100BB9-7D62-9C20-BDDB-8ED27B57CC58}.Release|Any CPU.ActiveCfg = Release|Any CPU
		{B0100BB9-7D62-9C20-BDDB-8ED27B57CC58}.Release|Any CPU.Build.0 = Release|Any CPU
	EndGlobalSection
	GlobalSection(SolutionProperties) = preSolution
		HideSolutionNode = FALSE
	EndGlobalSection
EndGlobal
